
Microsoft Visual Studio Solution File, Format Version 12.00
# Visual Studio Version 17
VisualStudioVersion = 17.11.35222.181
MinimumVisualStudioVersion = 10.0.40219.1
Project("{FAE04EC0-301F-11D3-BF4B-00C04F79EFBC}") = "StoreManage", "StoreManage\StoreManage.csproj", "{37C2217F-0CDE-454C-A868-999F0BD773E4}"
EndProject
Global
	GlobalSection(SolutionConfigurationPlatforms) = preSolution
		Debug|Any CPU = Debug|Any CPU
		Release|Any CPU = Release|Any CPU
	EndGlobalSection
	GlobalSection(ProjectConfigurationPlatforms) = postSolution
		{37C2217F-0CDE-454C-A868-999F0BD773E4}.Debug|Any CPU.ActiveCfg = Debug|Any CPU
		{37C2217F-0CDE-454C-A868-999F0BD773E4}.Debug|Any CPU.Build.0 = Debug|Any CPU
		{37C2217F-0CDE-454C-A868-999F0BD773E4}.Release|Any CPU.ActiveCfg = Release|Any CPU
		{37C2217F-0CDE-454C-A868-999F0BD773E4}.Release|Any CPU.Build.0 = Release|Any CPU
	EndGlobalSection
	GlobalSection(SolutionProperties) = preSolution
		HideSolutionNode = FALSE
	EndGlobalSection
	GlobalSection(ExtensibilityGlobals) = postSolution
		SolutionGuid = {75A7108B-5494-4980-A7B7-0FD700C9B354}
	EndGlobalSection
EndGlobal
